
Microsoft Visual Studio Solution File, Format Version 12.00
# Visual Studio Version 17
VisualStudioVersion = 17.6.33723.286
MinimumVisualStudioVersion = 10.0.40219.1
Project("{F184B08F-C81C-45F6-A57F-5ABD9991F28F}") = "wsTotoMio2", "wsTotoMio2\wsTotoMio2.vbproj", "{7D7EB326-FFA9-4B66-886F-F91C0D0D0C7D}"
EndProject
Global
	GlobalSection(SolutionConfigurationPlatforms) = preSolution
		Debug|Any CPU = Debug|Any CPU
		Release|Any CPU = Release|Any CPU
	EndGlobalSection
	GlobalSection(ProjectConfigurationPlatforms) = postSolution
		{7D7EB326-FFA9-4B66-886F-F91C0D0D0C7D}.Debug|Any CPU.ActiveCfg = Debug|Any CPU
		{7D7EB326-FFA9-4B66-886F-F91C0D0D0C7D}.Debug|Any CPU.Build.0 = Debug|Any CPU
		{7D7EB326-FFA9-4B66-886F-F91C0D0D0C7D}.Release|Any CPU.ActiveCfg = Release|Any CPU
		{7D7EB326-FFA9-4B66-886F-F91C0D0D0C7D}.Release|Any CPU.Build.0 = Release|Any CPU
	EndGlobalSection
	GlobalSection(SolutionProperties) = preSolution
		HideSolutionNode = FALSE
	EndGlobalSection
	GlobalSection(ExtensibilityGlobals) = postSolution
		SolutionGuid = {F1B33360-314A-422D-BEEC-9303E3428204}
	EndGlobalSection
EndGlobal
